// !$*UTF8*$!
{
	archiveVersion = 1;
	classes = {
	};
	objectVersion = 77;
	objects = {

/* Begin PBXContainerItemProxy section */
		C605FAEA2CFAA14C004BB30E /* PBXContainerItemProxy */ = {
			isa = PBXContainerItemProxy;
			containerPortal = C605FAD02CFAA149004BB30E /* Project object */;
			proxyType = 1;
			remoteGlobalIDString = C605FAD72CFAA149004BB30E;
			remoteInfo = ForgeTDD;
		};
		C605FAF42CFAA14C004BB30E /* PBXContainerItemProxy */ = {
			isa = PBXContainerItemProxy;
			containerPortal = C605FAD02CFAA149004BB30E /* Project object */;
			proxyType = 1;
			remoteGlobalIDString = C605FAD72CFAA149004BB30E;
			remoteInfo = ForgeTDD;
		};
/* End PBXContainerItemProxy section */

/* Begin PBXFileReference section */
		C605FAD82CFAA14A004BB30E /* ForgeTDD.app */ = {isa = PBXFileReference; explicitFileType = wrapper.application; includeInIndex = 0; path = ForgeTDD.app; sourceTree = BUILT_PRODUCTS_DIR; };
		C605FAE92CFAA14C004BB30E /* ForgeTDDTests.xctest */ = {isa = PBXFileReference; explicitFileType = wrapper.cfbundle; includeInIndex = 0; path = ForgeTDDTests.xctest; sourceTree = BUILT_PRODUCTS_DIR; };
		C605FAF32CFAA14C004BB30E /* ForgeTDDUITests.xctest */ = {isa = PBXFileReference; explicitFileType = wrapper.cfbundle; includeInIndex = 0; path = ForgeTDDUITests.xctest; sourceTree = BUILT_PRODUCTS_DIR; };
/* End PBXFileReference section */

/* Begin PBXFileSystemSynchronizedBuildFileExceptionSet section */
		C6FE6E542CFAB9D700C5D47F /* Exceptions for "ForgeTDD" folder in "ForgeTDD" target */ = {
			isa = PBXFileSystemSynchronizedBuildFileExceptionSet;
			membershipExceptions = (
				Tests/UITests/ForgeTDDUITests.swift,
				Tests/UnitTests/StateFileReaderTests.swift,
			);
			target = C605FAD72CFAA149004BB30E /* ForgeTDD */;
		};
		C6FE6E562CFAB9D900C5D47F /* Exceptions for "ForgeTDD" folder in "ForgeTDDUITests" target */ = {
			isa = PBXFileSystemSynchronizedBuildFileExceptionSet;
			membershipExceptions = (
				Domain/StateFileReader.swift,
				Tests/UITests/ForgeTDDUITests.swift,
			);
			target = C605FAF22CFAA14C004BB30E /* ForgeTDDUITests */;
		};
		C6FE6F742CFC248900C5D47F /* Exceptions for "ForgeTDD" folder in "ForgeTDDTests" target */ = {
			isa = PBXFileSystemSynchronizedBuildFileExceptionSet;
			membershipExceptions = (
				Domain/StateFileReader.swift,
				Tests/UnitTests/StateFileReaderTests.swift,
			);
			target = C605FAE82CFAA14C004BB30E /* ForgeTDDTests */;
		};
/* End PBXFileSystemSynchronizedBuildFileExceptionSet section */

/* Begin PBXFileSystemSynchronizedRootGroup section */
		C605FADA2CFAA14A004BB30E /* ForgeTDD */ = {
			isa = PBXFileSystemSynchronizedRootGroup;
			exceptions = (
				C6FE6E542CFAB9D700C5D47F /* Exceptions for "ForgeTDD" folder in "ForgeTDD" target */,
				C6FE6F742CFC248900C5D47F /* Exceptions for "ForgeTDD" folder in "ForgeTDDTests" target */,
				C6FE6E562CFAB9D900C5D47F /* Exceptions for "ForgeTDD" folder in "ForgeTDDUITests" target */,
			);
			path = ForgeTDD;
			sourceTree = "<group>";
		};
/* End PBXFileSystemSynchronizedRootGroup section */

/* Begin PBXFrameworksBuildPhase section */
		C605FAD52CFAA149004BB30E /* Frameworks */ = {
			isa = PBXFrameworksBuildPhase;
			buildActionMask = 2147483647;
			files = (
			);
			runOnlyForDeploymentPostprocessing = 0;
		};
		C605FAE62CFAA14C004BB30E /* Frameworks */ = {
			isa = PBXFrameworksBuildPhase;
			buildActionMask = 2147483647;
			files = (
			);
			runOnlyForDeploymentPostprocessing = 0;
		};
		C605FAF02CFAA14C004BB30E /* Frameworks */ = {
			isa = PBXFrameworksBuildPhase;
			buildActionMask = 2147483647;
			files = (
			);
			runOnlyForDeploymentPostprocessing = 0;
		};
/* End PBXFrameworksBuildPhase section */

/* Begin PBXGroup section */
		C605FACF2CFAA149004BB30E = {
			isa = PBXGroup;
			children = (
				C605FADA2CFAA14A004BB30E /* ForgeTDD */,
				C605FAD92CFAA14A004BB30E /* Products */,
			);
			sourceTree = "<group>";
		};
		C605FAD92CFAA14A004BB30E /* Products */ = {
			isa = PBXGroup;
			children = (
				C605FAD82CFAA14A004BB30E /* ForgeTDD.app */,
				C605FAE92CFAA14C004BB30E /* ForgeTDDTests.xctest */,
				C605FAF32CFAA14C004BB30E /* ForgeTDDUITests.xctest */,
			);
			name = Products;
			sourceTree = "<group>";
		};
/* End PBXGroup section */

/* Begin PBXNativeTarget section */
		C605FAD72CFAA149004BB30E /* ForgeTDD */ = {
			isa = PBXNativeTarget;
			buildConfigurationList = C605FAFD2CFAA14C004BB30E /* Build configuration list for PBXNativeTarget "ForgeTDD" */;
			buildPhases = (
				C605FAD42CFAA149004BB30E /* Sources */,
				C605FAD52CFAA149004BB30E /* Frameworks */,
				C605FAD62CFAA149004BB30E /* Resources */,
			);
			buildRules = (
			);
			dependencies = (
			);
			fileSystemSynchronizedGroups = (
				C605FADA2CFAA14A004BB30E /* ForgeTDD */,
			);
			name = ForgeTDD;
			packageProductDependencies = (
			);
			productName = ForgeTDD;
			productReference = C605FAD82CFAA14A004BB30E /* ForgeTDD.app */;
			productType = "com.apple.product-type.application";
		};
		C605FAE82CFAA14C004BB30E /* ForgeTDDTests */ = {
			isa = PBXNativeTarget;
			buildConfigurationList = C605FB002CFAA14C004BB30E /* Build configuration list for PBXNativeTarget "ForgeTDDTests" */;
			buildPhases = (
				C605FAE52CFAA14C004BB30E /* Sources */,
				C605FAE62CFAA14C004BB30E /* Frameworks */,
				C605FAE72CFAA14C004BB30E /* Resources */,
			);
			buildRules = (
			);
			dependencies = (
				C605FAEB2CFAA14C004BB30E /* PBXTargetDependency */,
			);
			name = ForgeTDDTests;
			packageProductDependencies = (
			);
			productName = ForgeTDDTests;
			productReference = C605FAE92CFAA14C004BB30E /* ForgeTDDTests.xctest */;
			productType = "com.apple.product-type.bundle.unit-test";
		};
		C605FAF22CFAA14C004BB30E /* ForgeTDDUITests */ = {
			isa = PBXNativeTarget;
			buildConfigurationList = C605FB032CFAA14C004BB30E /* Build configuration list for PBXNativeTarget "ForgeTDDUITests" */;
			buildPhases = (
				C605FAEF2CFAA14C004BB30E /* Sources */,
				C605FAF02CFAA14C004BB30E /* Frameworks */,
				C605FAF12CFAA14C004BB30E /* Resources */,
			);
			buildRules = (
			);
			dependencies = (
				C605FAF52CFAA14C004BB30E /* PBXTargetDependency */,
			);
			name = ForgeTDDUITests;
			packageProductDependencies = (
			);
			productName = ForgeTDDUITests;
			productReference = C605FAF32CFAA14C004BB30E /* ForgeTDDUITests.xctest */;
			productType = "com.apple.product-type.bundle.ui-testing";
		};
/* End PBXNativeTarget section */

/* Begin PBXProject section */
		C605FAD02CFAA149004BB30E /* Project object */ = {
			isa = PBXProject;
			attributes = {
				BuildIndependentTargetsInParallel = 1;
				LastSwiftUpdateCheck = 1610;
				LastUpgradeCheck = 1610;
				TargetAttributes = {
					C605FAD72CFAA149004BB30E = {
						CreatedOnToolsVersion = 16.1;
					};
					C605FAE82CFAA14C004BB30E = {
						CreatedOnToolsVersion = 16.1;
						TestTargetID = C605FAD72CFAA149004BB30E;
					};
					C605FAF22CFAA14C004BB30E = {
						CreatedOnToolsVersion = 16.1;
						TestTargetID = C605FAD72CFAA149004BB30E;
					};
				};
			};
			buildConfigurationList = C605FAD32CFAA149004BB30E /* Build configuration list for PBXProject "ForgeTDD" */;
			developmentRegion = en;
			hasScannedForEncodings = 0;
			knownRegions = (
				en,
				Base,
			);
			mainGroup = C605FACF2CFAA149004BB30E;
			minimizedProjectReferenceProxies = 1;
			preferredProjectObjectVersion = 77;
			productRefGroup = C605FAD92CFAA14A004BB30E /* Products */;
			projectDirPath = "";
			projectRoot = "";
			targets = (
				C605FAD72CFAA149004BB30E /* ForgeTDD */,
				C605FAE82CFAA14C004BB30E /* ForgeTDDTests */,
				C605FAF22CFAA14C004BB30E /* ForgeTDDUITests */,
			);
		};
/* End PBXProject section */

/* Begin PBXResourcesBuildPhase section */
		C605FAD62CFAA149004BB30E /* Resources */ = {
			isa = PBXResourcesBuildPhase;
			buildActionMask = 2147483647;
			files = (
			);
			runOnlyForDeploymentPostprocessing = 0;
		};
		C605FAE72CFAA14C004BB30E /* Resources */ = {
			isa = PBXResourcesBuildPhase;
			buildActionMask = 2147483647;
			files = (
			);
			runOnlyForDeploymentPostprocessing = 0;
		};
		C605FAF12CFAA14C004BB30E /* Resources */ = {
			isa = PBXResourcesBuildPhase;
			buildActionMask = 2147483647;
			files = (
			);
			runOnlyForDeploymentPostprocessing = 0;
		};
/* End PBXResourcesBuildPhase section */

/* Begin PBXSourcesBuildPhase section */
		C605FAD42CFAA149004BB30E /* Sources */ = {
			isa = PBXSourcesBuildPhase;
			buildActionMask = 2147483647;
			files = (
			);
			runOnlyForDeploymentPostprocessing = 0;
		};
		C605FAE52CFAA14C004BB30E /* Sources */ = {
			isa = PBXSourcesBuildPhase;
			buildActionMask = 2147483647;
			files = (
			);
			runOnlyForDeploymentPostprocessing = 0;
		};
		C605FAEF2CFAA14C004BB30E /* Sources */ = {
			isa = PBXSourcesBuildPhase;
			buildActionMask = 2147483647;
			files = (
			);
			runOnlyForDeploymentPostprocessing = 0;
		};
/* End PBXSourcesBuildPhase section */

/* Begin PBXTargetDependency section */
		C605FAEB2CFAA14C004BB30E /* PBXTargetDependency */ = {
			isa = PBXTargetDependency;
			target = C605FAD72CFAA149004BB30E /* ForgeTDD */;
			targetProxy = C605FAEA2CFAA14C004BB30E /* PBXContainerItemProxy */;
		};
		C605FAF52CFAA14C004BB30E /* PBXTargetDependency */ = {
			isa = PBXTargetDependency;
			target = C605FAD72CFAA149004BB30E /* ForgeTDD */;
			targetProxy = C605FAF42CFAA14C004BB30E /* PBXContainerItemProxy */;
		};
/* End PBXTargetDependency section */

/* Begin XCBuildConfiguration section */
		C605FAFB2CFAA14C004BB30E /* Debug */ = {
			isa = XCBuildConfiguration;
			buildSettings = {
				ALWAYS_SEARCH_USER_PATHS = NO;
				ASSETCATALOG_COMPILER_GENERATE_SWIFT_ASSET_SYMBOL_EXTENSIONS = YES;
				CLANG_ANALYZER_NONNULL = YES;
				CLANG_ANALYZER_NUMBER_OBJECT_CONVERSION = YES_AGGRESSIVE;
				CLANG_CXX_LANGUAGE_STANDARD = "gnu++20";
				CLANG_ENABLE_MODULES = YES;
				CLANG_ENABLE_OBJC_ARC = YES;
				CLANG_ENABLE_OBJC_WEAK = YES;
				CLANG_WARN_BLOCK_CAPTURE_AUTORELEASING = YES;
				CLANG_WARN_BOOL_CONVERSION = YES;
				CLANG_WARN_COMMA = YES;
				CLANG_WARN_CONSTANT_CONVERSION = YES;
				CLANG_WARN_DEPRECATED_OBJC_IMPLEMENTATIONS = YES;
				CLANG_WARN_DIRECT_OBJC_ISA_USAGE = YES_ERROR;
				CLANG_WARN_DOCUMENTATION_COMMENTS = YES;
				CLANG_WARN_EMPTY_BODY = YES;
				CLANG_WARN_ENUM_CONVERSION = YES;
				CLANG_WARN_INFINITE_RECURSION = YES;
				CLANG_WARN_INT_CONVERSION = YES;
				CLANG_WARN_NON_LITERAL_NULL_CONVERSION = YES;
				CLANG_WARN_OBJC_IMPLICIT_RETAIN_SELF = YES;
				CLANG_WARN_OBJC_LITERAL_CONVERSION = YES;
				CLANG_WARN_OBJC_ROOT_CLASS = YES_ERROR;
				CLANG_WARN_QUOTED_INCLUDE_IN_FRAMEWORK_HEADER = YES;
				CLANG_WARN_RANGE_LOOP_ANALYSIS = YES;
				CLANG_WARN_STRICT_PROTOTYPES = YES;
				CLANG_WARN_SUSPICIOUS_MOVE = YES;
				CLANG_WARN_UNGUARDED_AVAILABILITY = YES_AGGRESSIVE;
				CLANG_WARN_UNREACHABLE_CODE = YES;
				CLANG_WARN__DUPLICATE_METHOD_MATCH = YES;
				COPY_PHASE_STRIP = NO;
				DEBUG_INFORMATION_FORMAT = dwarf;
				ENABLE_STRICT_OBJC_MSGSEND = YES;
				ENABLE_TESTABILITY = YES;
				ENABLE_USER_SCRIPT_SANDBOXING = YES;
				GCC_C_LANGUAGE_STANDARD = gnu17;
				GCC_DYNAMIC_NO_PIC = NO;
				GCC_NO_COMMON_BLOCKS = YES;
				GCC_OPTIMIZATION_LEVEL = 0;
				GCC_PREPROCESSOR_DEFINITIONS = (
					"DEBUG=1",
					"$(inherited)",
				);
				GCC_WARN_64_TO_32_BIT_CONVERSION = YES;
				GCC_WARN_ABOUT_RETURN_TYPE = YES_ERROR;
				GCC_WARN_UNDECLARED_SELECTOR = YES;
				GCC_WARN_UNINITIALIZED_AUTOS = YES_AGGRESSIVE;
				GCC_WARN_UNUSED_FUNCTION = YES;
				GCC_WARN_UNUSED_VARIABLE = YES;
				LOCALIZATION_PREFERS_STRING_CATALOGS = YES;
				MACOSX_DEPLOYMENT_TARGET = 15.1;
				MTL_ENABLE_DEBUG_INFO = INCLUDE_SOURCE;
				MTL_FAST_MATH = YES;
				ONLY_ACTIVE_ARCH = YES;
				SDKROOT = macosx;
				SWIFT_ACTIVE_COMPILATION_CONDITIONS = "DEBUG $(inherited)";
				SWIFT_OPTIMIZATION_LEVEL = "-Onone";
			};
			name = Debug;
		};
		C605FAFC2CFAA14C004BB30E /* Release */ = {
			isa = XCBuildConfiguration;
			buildSettings = {
				ALWAYS_SEARCH_USER_PATHS = NO;
				ASSETCATALOG_COMPILER_GENERATE_SWIFT_ASSET_SYMBOL_EXTENSIONS = YES;
				CLANG_ANALYZER_NONNULL = YES;
				CLANG_ANALYZER_NUMBER_OBJECT_CONVERSION = YES_AGGRESSIVE;
				CLANG_CXX_LANGUAGE_STANDARD = "gnu++20";
				CLANG_ENABLE_MODULES = YES;
				CLANG_ENABLE_OBJC_ARC = YES;
				CLANG_ENABLE_OBJC_WEAK = YES;
				CLANG_WARN_BLOCK_CAPTURE_AUTORELEASING = YES;
				CLANG_WARN_BOOL_CONVERSION = YES;
				CLANG_WARN_COMMA = YES;
				CLANG_WARN_CONSTANT_CONVERSION = YES;
				CLANG_WARN_DEPRECATED_OBJC_IMPLEMENTATIONS = YES;
				CLANG_WARN_DIRECT_OBJC_ISA_USAGE = YES_ERROR;
				CLANG_WARN_DOCUMENTATION_COMMENTS = YES;
				CLANG_WARN_EMPTY_BODY = YES;
				CLANG_WARN_ENUM_CONVERSION = YES;
				CLANG_WARN_INFINITE_RECURSION = YES;
				CLANG_WARN_INT_CONVERSION = YES;
				CLANG_WARN_NON_LITERAL_NULL_CONVERSION = YES;
				CLANG_WARN_OBJC_IMPLICIT_RETAIN_SELF = YES;
				CLANG_WARN_OBJC_LITERAL_CONVERSION = YES;
				CLANG_WARN_OBJC_ROOT_CLASS = YES_ERROR;
				CLANG_WARN_QUOTED_INCLUDE_IN_FRAMEWORK_HEADER = YES;
				CLANG_WARN_RANGE_LOOP_ANALYSIS = YES;
				CLANG_WARN_STRICT_PROTOTYPES = YES;
				CLANG_WARN_SUSPICIOUS_MOVE = YES;
				CLANG_WARN_UNGUARDED_AVAILABILITY = YES_AGGRESSIVE;
				CLANG_WARN_UNREACHABLE_CODE = YES;
				CLANG_WARN__DUPLICATE_METHOD_MATCH = YES;
				COPY_PHASE_STRIP = NO;
				DEBUG_INFORMATION_FORMAT = "dwarf-with-dsym";
				ENABLE_NS_ASSERTIONS = NO;
				ENABLE_STRICT_OBJC_MSGSEND = YES;
				ENABLE_USER_SCRIPT_SANDBOXING = YES;
				GCC_C_LANGUAGE_STANDARD = gnu17;
				GCC_NO_COMMON_BLOCKS = YES;
				GCC_WARN_64_TO_32_BIT_CONVERSION = YES;
				GCC_WARN_ABOUT_RETURN_TYPE = YES_ERROR;
				GCC_WARN_UNDECLARED_SELECTOR = YES;
				GCC_WARN_UNINITIALIZED_AUTOS = YES_AGGRESSIVE;
				GCC_WARN_UNUSED_FUNCTION = YES;
				GCC_WARN_UNUSED_VARIABLE = YES;
				LOCALIZATION_PREFERS_STRING_CATALOGS = YES;
				MACOSX_DEPLOYMENT_TARGET = 15.1;
				MTL_ENABLE_DEBUG_INFO = NO;
				MTL_FAST_MATH = YES;
				SDKROOT = macosx;
				SWIFT_COMPILATION_MODE = wholemodule;
			};
			name = Release;
		};
		C605FAFE2CFAA14C004BB30E /* Debug */ = {
			isa = XCBuildConfiguration;
			buildSettings = {
				ASSETCATALOG_COMPILER_APPICON_NAME = AppIcon;
				ASSETCATALOG_COMPILER_GLOBAL_ACCENT_COLOR_NAME = AccentColor;
				CODE_SIGN_ENTITLEMENTS = ForgeTDD/App/ForgeTDD.entitlements;
				CODE_SIGN_STYLE = Automatic;
				COMBINE_HIDPI_IMAGES = YES;
				CURRENT_PROJECT_VERSION = 1;
				DEVELOPMENT_ASSET_PATHS = "\"ForgeTDD/Presentation/Preview Content\"";
				DEVELOPMENT_TEAM = 4Z82PG9Q7U;
				ENABLE_HARDENED_RUNTIME = YES;
				ENABLE_PREVIEWS = YES;
				GENERATE_INFOPLIST_FILE = YES;
				INFOPLIST_KEY_NSHumanReadableCopyright = "";
				LD_RUNPATH_SEARCH_PATHS = (
					"$(inherited)",
					"@executable_path/../Frameworks",
				);
				MARKETING_VERSION = 1.0;
				PRODUCT_BUNDLE_IDENTIFIER = "jp.taro-taryo.ForgeTDD.ForgeTDD";
				PRODUCT_NAME = "$(TARGET_NAME)";
				SWIFT_EMIT_LOC_STRINGS = YES;
				SWIFT_VERSION = 5.0;
			};
			name = Debug;
		};
		C605FAFF2CFAA14C004BB30E /* Release */ = {
			isa = XCBuildConfiguration;
			buildSettings = {
				ASSETCATALOG_COMPILER_APPICON_NAME = AppIcon;
				ASSETCATALOG_COMPILER_GLOBAL_ACCENT_COLOR_NAME = AccentColor;
				CODE_SIGN_ENTITLEMENTS = ForgeTDD/App/ForgeTDD.entitlements;
				CODE_SIGN_STYLE = Automatic;
				COMBINE_HIDPI_IMAGES = YES;
				CURRENT_PROJECT_VERSION = 1;
				DEVELOPMENT_ASSET_PATHS = "\"ForgeTDD/Presentation/Preview Content\"";
				DEVELOPMENT_TEAM = 4Z82PG9Q7U;
				ENABLE_HARDENED_RUNTIME = YES;
				ENABLE_PREVIEWS = YES;
				GENERATE_INFOPLIST_FILE = YES;
				INFOPLIST_KEY_NSHumanReadableCopyright = "";
				LD_RUNPATH_SEARCH_PATHS = (
					"$(inherited)",
					"@executable_path/../Frameworks",
				);
				MARKETING_VERSION = 1.0;
				PRODUCT_BUNDLE_IDENTIFIER = "jp.taro-taryo.ForgeTDD.ForgeTDD";
				PRODUCT_NAME = "$(TARGET_NAME)";
				SWIFT_EMIT_LOC_STRINGS = YES;
				SWIFT_VERSION = 5.0;
			};
			name = Release;
		};
		C605FB012CFAA14C004BB30E /* Debug */ = {
			isa = XCBuildConfiguration;
			buildSettings = {
				BUNDLE_LOADER = "$(TEST_HOST)";
				CODE_SIGN_STYLE = Automatic;
				CURRENT_PROJECT_VERSION = 1;
				DEVELOPMENT_TEAM = 4Z82PG9Q7U;
				GENERATE_INFOPLIST_FILE = YES;
				MACOSX_DEPLOYMENT_TARGET = 15.1;
				MARKETING_VERSION = 1.0;
				PRODUCT_BUNDLE_IDENTIFIER = "jp.taro-taryo.ForgeTDD.ForgeTDDTests";
				PRODUCT_NAME = "$(TARGET_NAME)";
				SWIFT_EMIT_LOC_STRINGS = NO;
				SWIFT_VERSION = 5.0;
				TEST_HOST = "$(BUILT_PRODUCTS_DIR)/ForgeTDD.app/$(BUNDLE_EXECUTABLE_FOLDER_PATH)/ForgeTDD";
			};
			name = Debug;
		};
		C605FB022CFAA14C004BB30E /* Release */ = {
			isa = XCBuildConfiguration;
			buildSettings = {
				BUNDLE_LOADER = "$(TEST_HOST)";
				CODE_SIGN_STYLE = Automatic;
				CURRENT_PROJECT_VERSION = 1;
				DEVELOPMENT_TEAM = 4Z82PG9Q7U;
				GENERATE_INFOPLIST_FILE = YES;
				MACOSX_DEPLOYMENT_TARGET = 15.1;
				MARKETING_VERSION = 1.0;
				PRODUCT_BUNDLE_IDENTIFIER = "jp.taro-taryo.ForgeTDD.ForgeTDDTests";
				PRODUCT_NAME = "$(TARGET_NAME)";
				SWIFT_EMIT_LOC_STRINGS = NO;
				SWIFT_VERSION = 5.0;
				TEST_HOST = "$(BUILT_PRODUCTS_DIR)/ForgeTDD.app/$(BUNDLE_EXECUTABLE_FOLDER_PATH)/ForgeTDD";
			};
			name = Release;
		};
		C605FB042CFAA14C004BB30E /* Debug */ = {
			isa = XCBuildConfiguration;
			buildSettings = {
				CODE_SIGN_STYLE = Automatic;
				CURRENT_PROJECT_VERSION = 1;
				DEVELOPMENT_TEAM = 4Z82PG9Q7U;
				GENERATE_INFOPLIST_FILE = YES;
				MARKETING_VERSION = 1.0;
				PRODUCT_BUNDLE_IDENTIFIER = "jp.taro-taryo.ForgeTDD.ForgeTDDUITests";
				PRODUCT_NAME = "$(TARGET_NAME)";
				SWIFT_EMIT_LOC_STRINGS = NO;
				SWIFT_VERSION = 5.0;
				TEST_TARGET_NAME = ForgeTDD;
			};
			name = Debug;
		};
		C605FB052CFAA14C004BB30E /* Release */ = {
			isa = XCBuildConfiguration;
			buildSettings = {
				CODE_SIGN_STYLE = Automatic;
				CURRENT_PROJECT_VERSION = 1;
				DEVELOPMENT_TEAM = 4Z82PG9Q7U;
				GENERATE_INFOPLIST_FILE = YES;
				MARKETING_VERSION = 1.0;
				PRODUCT_BUNDLE_IDENTIFIER = "jp.taro-taryo.ForgeTDD.ForgeTDDUITests";
				PRODUCT_NAME = "$(TARGET_NAME)";
				SWIFT_EMIT_LOC_STRINGS = NO;
				SWIFT_VERSION = 5.0;
				TEST_TARGET_NAME = ForgeTDD;
			};
			name = Release;
		};
/* End XCBuildConfiguration section */

/* Begin XCConfigurationList section */
		C605FAD32CFAA149004BB30E /* Build configuration list for PBXProject "ForgeTDD" */ = {
			isa = XCConfigurationList;
			buildConfigurations = (
				C605FAFB2CFAA14C004BB30E /* Debug */,
				C605FAFC2CFAA14C004BB30E /* Release */,
			);
			defaultConfigurationIsVisible = 0;
			defaultConfigurationName = Release;
		};
		C605FAFD2CFAA14C004BB30E /* Build configuration list for PBXNativeTarget "ForgeTDD" */ = {
			isa = XCConfigurationList;
			buildConfigurations = (
				C605FAFE2CFAA14C004BB30E /* Debug */,
				C605FAFF2CFAA14C004BB30E /* Release */,
			);
			defaultConfigurationIsVisible = 0;
			defaultConfigurationName = Release;
		};
		C605FB002CFAA14C004BB30E /* Build configuration list for PBXNativeTarget "ForgeTDDTests" */ = {
			isa = XCConfigurationList;
			buildConfigurations = (
				C605FB012CFAA14C004BB30E /* Debug */,
				C605FB022CFAA14C004BB30E /* Release */,
			);
			defaultConfigurationIsVisible = 0;
			defaultConfigurationName = Release;
		};
		C605FB032CFAA14C004BB30E /* Build configuration list for PBXNativeTarget "ForgeTDDUITests" */ = {
			isa = XCConfigurationList;
			buildConfigurations = (
				C605FB042CFAA14C004BB30E /* Debug */,
				C605FB052CFAA14C004BB30E /* Release */,
			);
			defaultConfigurationIsVisible = 0;
			defaultConfigurationName = Release;
		};
/* End XCConfigurationList section */
	};
	rootObject = C605FAD02CFAA149004BB30E /* Project object */;
}
